
Microsoft Visual Studio Solution File, Format Version 12.00
# Visual Studio Version 16
VisualStudioVersion = 16.0.28922.388
MinimumVisualStudioVersion = 10.0.40219.1
Project("{FAE04EC0-301F-11D3-BF4B-00C04F79EFBC}") = "WpfApp1_ffmpegvolume", "WpfApp1_ffmpegvolume.csproj", "{FF05CC81-AF29-4F21-8D51-729FDE10F42D}"
EndProject
Global
	GlobalSection(SolutionConfigurationPlatforms) = preSolution
		Debug|Any CPU = Debug|Any CPU
		Release|Any CPU = Release|Any CPU
	EndGlobalSection
	GlobalSection(ProjectConfigurationPlatforms) = postSolution
		{FF05CC81-AF29-4F21-8D51-729FDE10F42D}.Debug|Any CPU.ActiveCfg = Debug|Any CPU
		{FF05CC81-AF29-4F21-8D51-729FDE10F42D}.Debug|Any CPU.Build.0 = Debug|Any CPU
		{FF05CC81-AF29-4F21-8D51-729FDE10F42D}.Release|Any CPU.ActiveCfg = Release|Any CPU
		{FF05CC81-AF29-4F21-8D51-729FDE10F42D}.Release|Any CPU.Build.0 = Release|Any CPU
	EndGlobalSection
	GlobalSection(SolutionProperties) = preSolution
		HideSolutionNode = FALSE
	EndGlobalSection
	GlobalSection(ExtensibilityGlobals) = postSolution
		SolutionGuid = {801D9F08-D0CA-49F4-AD34-A4B58287B4AB}
	EndGlobalSection
EndGlobal
